{
  "name": "npm-demo",
  "version": "1.0.0",
  "lockfileVersion": 2,
  "requires": true,
  "packages": {
    "": {
      "name": "npm-demo",
      "version": "1.0.0",
      "license": "ISC",
      "dependencies": {
        "solicode-ascii": "^1.0.0"
      }
    },
    "node_modules/solicode-ascii": {
      "version": "1.0.0",
      "resolved": "https://registry.npmjs.org/solicode-ascii/-/solicode-ascii-1.0.0.tgz",
      "integrity": "sha512-zIBMxkDpwiOQzx7pbVCNoOv0xl6LAOwUjTSEIEIq2E63lYoQ2bcaMQI3C03fGCicxY+NNVFD9/cJWW68C5qoNg=="
    }
  },
  "dependencies": {
    "solicode-ascii": {
      "version": "1.0.0",
      "resolved": "https://registry.npmjs.org/solicode-ascii/-/solicode-ascii-1.0.0.tgz",
      "integrity": "sha512-zIBMxkDpwiOQzx7pbVCNoOv0xl6LAOwUjTSEIEIq2E63lYoQ2bcaMQI3C03fGCicxY+NNVFD9/cJWW68C5qoNg=="
    }
  }
}
